# This file is autogenerated, do not edit; changes may be undone by the next 'dep ensure'.


[[projects]]
  branch = "master"
  name = "golang.org/x/net"
  packages = [
    "html",
    "html/atom"
  ]
  revision = "2f5d2388922f370f4355f327fcf4cfe9f5583908"

[solve-meta]
  analyzer-name = "dep"
  analyzer-version = 1
  inputs-digest = "c93fd0049188faa82b8d2f31f976ed9e03d682d2e82859acabb566824484093e"
  solver-name = "gps-cdcl"
  solver-version = 1
